{
    "version": 3,
    "terraform_version": "0.7.3",
    "serial": 0,
    "lineage": "e218e9b1-a38d-4138-b12c-4da989fe5b41",
    "modules": [
        {
            "path": [
                "root"
            ],
            "outputs": {},
            "resources": {
                "digitalocean_droplet.mydo": {
                    "type": "digitalocean_droplet",
                    "depends_on": [
                        "digitalocean_ssh_key.default"
                    ],
                    "primary": {
                        "id": "26136972",
                        "attributes": {
                            "id": "26136972",
                            "image": "ubuntu-14-04-x64",
                            "ipv4_address": "138.68.20.214",
                            "locked": "false",
                            "name": "mydo",
                            "region": "sfo2",
                            "size": "1gb",
                            "ssh_keys.#": "1",
                            "ssh_keys.0": "3507378",
                            "status": "active",
                            "tags.#": "0"
                        },
                        "meta": {},
                        "tainted": false
                    },
                    "deposed": [],
                    "provider": ""
                },
                "digitalocean_ssh_key.default": {
                    "type": "digitalocean_ssh_key",
                    "depends_on": [],
                    "primary": {
                        "id": "3507378",
                        "attributes": {
                            "fingerprint": "80:29:35:64:40:72:94:7f:63:7f:75:ff:bd:df:5b:53",
                            "id": "3507378",
                            "name": "tf xps13 bootcamp",
                            "public_key": "ssh-rsa AAAAB3NzaC1yc2EAAAADAQABAAABAQDAhsFcsm/4lGTBD3Ip7lec0MHBjkZohznVxCkp3FFlhu7cHmG9qQ5SAV+s/n+IQaOKT0kdlGW6Buj2+FWKuDHSWwSkl9TXq9TJ3VvNlJU7Dz7txyrVxls6e05Z7cwYfZuZKDwAcoG9S1Dw64HzEYuCBZE1gZY+B3bYz7hLqRjuhqgvJOMNqmJ6tNSRdUfVfGZGXDFfo+NiuvSvLzR0XiO4Xg9vlds1wIpj/igqBlZeH4L2ycj5r/1RGfcNjLxcrJsEkbtnO0f4QiW9HdE7JiuZeP2c8FFf5ol5p5VYzA7/aLP73hjh6uU9T+pEYyeUrYLjVX423MGCSMLqPmkP3xOt fdavis@fdavis-XPS"
                        },
                        "meta": {},
                        "tainted": false
                    },
                    "deposed": [],
                    "provider": ""
                }
            },
            "depends_on": []
        }
    ]
}
